// !$*UTF8*$!
{
	archiveVersion = 1;
	classes = {
	};
	objectVersion = 55;
	objects = {

/* Begin PBXBuildFile section */
		2A2C349227AC783A00E23275 /* AppDelegate.swift in Sources */ = {isa = PBXBuildFile; fileRef = 2A2C349127AC783A00E23275 /* AppDelegate.swift */; };
		2A2C349427AC783A00E23275 /* SceneDelegate.swift in Sources */ = {isa = PBXBuildFile; fileRef = 2A2C349327AC783A00E23275 /* SceneDelegate.swift */; };
		2A2C349627AC783A00E23275 /* ViewController.swift in Sources */ = {isa = PBXBuildFile; fileRef = 2A2C349527AC783A00E23275 /* ViewController.swift */; };
		2A2C349927AC783A00E23275 /* Main.storyboard in Resources */ = {isa = PBXBuildFile; fileRef = 2A2C349727AC783A00E23275 /* Main.storyboard */; };
		2A2C349B27AC783B00E23275 /* Assets.xcassets in Resources */ = {isa = PBXBuildFile; fileRef = 2A2C349A27AC783B00E23275 /* Assets.xcassets */; };
		2A2C349E27AC783B00E23275 /* LaunchScreen.storyboard in Resources */ = {isa = PBXBuildFile; fileRef = 2A2C349C27AC783B00E23275 /* LaunchScreen.storyboard */; };
		2A2C34A927AC783C00E23275 /* Beeram_FormatNameTests.swift in Sources */ = {isa = PBXBuildFile; fileRef = 2A2C34A827AC783C00E23275 /* Beeram_FormatNameTests.swift */; };
		2A2C34B327AC783C00E23275 /* Beeram_FormatNameUITests.swift in Sources */ = {isa = PBXBuildFile; fileRef = 2A2C34B227AC783C00E23275 /* Beeram_FormatNameUITests.swift */; };
		2A2C34B527AC783C00E23275 /* Beeram_FormatNameUITestsLaunchTests.swift in Sources */ = {isa = PBXBuildFile; fileRef = 2A2C34B427AC783C00E23275 /* Beeram_FormatNameUITestsLaunchTests.swift */; };
/* End PBXBuildFile section */

/* Begin PBXContainerItemProxy section */
		2A2C34A527AC783C00E23275 /* PBXContainerItemProxy */ = {
			isa = PBXContainerItemProxy;
			containerPortal = 2A2C348627AC783A00E23275 /* Project object */;
			proxyType = 1;
			remoteGlobalIDString = 2A2C348D27AC783A00E23275;
			remoteInfo = Beeram_FormatName;
		};
		2A2C34AF27AC783C00E23275 /* PBXContainerItemProxy */ = {
			isa = PBXContainerItemProxy;
			containerPortal = 2A2C348627AC783A00E23275 /* Project object */;
			proxyType = 1;
			remoteGlobalIDString = 2A2C348D27AC783A00E23275;
			remoteInfo = Beeram_FormatName;
		};
/* End PBXContainerItemProxy section */

/* Begin PBXFileReference section */
		2A2C348E27AC783A00E23275 /* Beeram_FormatName.app */ = {isa = PBXFileReference; explicitFileType = wrapper.application; includeInIndex = 0; path = Beeram_FormatName.app; sourceTree = BUILT_PRODUCTS_DIR; };
		2A2C349127AC783A00E23275 /* AppDelegate.swift */ = {isa = PBXFileReference; lastKnownFileType = sourcecode.swift; path = AppDelegate.swift; sourceTree = "<group>"; };
		2A2C349327AC783A00E23275 /* SceneDelegate.swift */ = {isa = PBXFileReference; lastKnownFileType = sourcecode.swift; path = SceneDelegate.swift; sourceTree = "<group>"; };
		2A2C349527AC783A00E23275 /* ViewController.swift */ = {isa = PBXFileReference; lastKnownFileType = sourcecode.swift; path = ViewController.swift; sourceTree = "<group>"; };
		2A2C349827AC783A00E23275 /* Base */ = {isa = PBXFileReference; lastKnownFileType = file.storyboard; name = Base; path = Base.lproj/Main.storyboard; sourceTree = "<group>"; };
		2A2C349A27AC783B00E23275 /* Assets.xcassets */ = {isa = PBXFileReference; lastKnownFileType = folder.assetcatalog; path = Assets.xcassets; sourceTree = "<group>"; };
		2A2C349D27AC783B00E23275 /* Base */ = {isa = PBXFileReference; lastKnownFileType = file.storyboard; name = Base; path = Base.lproj/LaunchScreen.storyboard; sourceTree = "<group>"; };
		2A2C349F27AC783B00E23275 /* Info.plist */ = {isa = PBXFileReference; lastKnownFileType = text.plist.xml; path = Info.plist; sourceTree = "<group>"; };
		2A2C34A427AC783C00E23275 /* Beeram_FormatNameTests.xctest */ = {isa = PBXFileReference; explicitFileType = wrapper.cfbundle; includeInIndex = 0; path = Beeram_FormatNameTests.xctest; sourceTree = BUILT_PRODUCTS_DIR; };
		2A2C34A827AC783C00E23275 /* Beeram_FormatNameTests.swift */ = {isa = PBXFileReference; lastKnownFileType = sourcecode.swift; path = Beeram_FormatNameTests.swift; sourceTree = "<group>"; };
		2A2C34AE27AC783C00E23275 /* Beeram_FormatNameUITests.xctest */ = {isa = PBXFileReference; explicitFileType = wrapper.cfbundle; includeInIndex = 0; path = Beeram_FormatNameUITests.xctest; sourceTree = BUILT_PRODUCTS_DIR; };
		2A2C34B227AC783C00E23275 /* Beeram_FormatNameUITests.swift */ = {isa = PBXFileReference; lastKnownFileType = sourcecode.swift; path = Beeram_FormatNameUITests.swift; sourceTree = "<group>"; };
		2A2C34B427AC783C00E23275 /* Beeram_FormatNameUITestsLaunchTests.swift */ = {isa = PBXFileReference; lastKnownFileType = sourcecode.swift; path = Beeram_FormatNameUITestsLaunchTests.swift; sourceTree = "<group>"; };
/* End PBXFileReference section */

/* Begin PBXFrameworksBuildPhase section */
		2A2C348B27AC783A00E23275 /* Frameworks */ = {
			isa = PBXFrameworksBuildPhase;
			buildActionMask = 2147483647;
			files = (
			);
			runOnlyForDeploymentPostprocessing = 0;
		};
		2A2C34A127AC783C00E23275 /* Frameworks */ = {
			isa = PBXFrameworksBuildPhase;
			buildActionMask = 2147483647;
			files = (
			);
			runOnlyForDeploymentPostprocessing = 0;
		};
		2A2C34AB27AC783C00E23275 /* Frameworks */ = {
			isa = PBXFrameworksBuildPhase;
			buildActionMask = 2147483647;
			files = (
			);
			runOnlyForDeploymentPostprocessing = 0;
		};
/* End PBXFrameworksBuildPhase section */

/* Begin PBXGroup section */
		2A2C348527AC783A00E23275 = {
			isa = PBXGroup;
			children = (
				2A2C349027AC783A00E23275 /* Beeram_FormatName */,
				2A2C34A727AC783C00E23275 /* Beeram_FormatNameTests */,
				2A2C34B127AC783C00E23275 /* Beeram_FormatNameUITests */,
				2A2C348F27AC783A00E23275 /* Products */,
			);
			sourceTree = "<group>";
		};
		2A2C348F27AC783A00E23275 /* Products */ = {
			isa = PBXGroup;
			children = (
				2A2C348E27AC783A00E23275 /* Beeram_FormatName.app */,
				2A2C34A427AC783C00E23275 /* Beeram_FormatNameTests.xctest */,
				2A2C34AE27AC783C00E23275 /* Beeram_FormatNameUITests.xctest */,
			);
			name = Products;
			sourceTree = "<group>";
		};
		2A2C349027AC783A00E23275 /* Beeram_FormatName */ = {
			isa = PBXGroup;
			children = (
				2A2C349127AC783A00E23275 /* AppDelegate.swift */,
				2A2C349327AC783A00E23275 /* SceneDelegate.swift */,
				2A2C349527AC783A00E23275 /* ViewController.swift */,
				2A2C349727AC783A00E23275 /* Main.storyboard */,
				2A2C349A27AC783B00E23275 /* Assets.xcassets */,
				2A2C349C27AC783B00E23275 /* LaunchScreen.storyboard */,
				2A2C349F27AC783B00E23275 /* Info.plist */,
			);
			path = Beeram_FormatName;
			sourceTree = "<group>";
		};
		2A2C34A727AC783C00E23275 /* Beeram_FormatNameTests */ = {
			isa = PBXGroup;
			children = (
				2A2C34A827AC783C00E23275 /* Beeram_FormatNameTests.swift */,
			);
			path = Beeram_FormatNameTests;
			sourceTree = "<group>";
		};
		2A2C34B127AC783C00E23275 /* Beeram_FormatNameUITests */ = {
			isa = PBXGroup;
			children = (
				2A2C34B227AC783C00E23275 /* Beeram_FormatNameUITests.swift */,
				2A2C34B427AC783C00E23275 /* Beeram_FormatNameUITestsLaunchTests.swift */,
			);
			path = Beeram_FormatNameUITests;
			sourceTree = "<group>";
		};
/* End PBXGroup section */

/* Begin PBXNativeTarget section */
		2A2C348D27AC783A00E23275 /* Beeram_FormatName */ = {
			isa = PBXNativeTarget;
			buildConfigurationList = 2A2C34B827AC783C00E23275 /* Build configuration list for PBXNativeTarget "Beeram_FormatName" */;
			buildPhases = (
				2A2C348A27AC783A00E23275 /* Sources */,
				2A2C348B27AC783A00E23275 /* Frameworks */,
				2A2C348C27AC783A00E23275 /* Resources */,
			);
			buildRules = (
			);
			dependencies = (
			);
			name = Beeram_FormatName;
			productName = Beeram_FormatName;
			productReference = 2A2C348E27AC783A00E23275 /* Beeram_FormatName.app */;
			productType = "com.apple.product-type.application";
		};
		2A2C34A327AC783C00E23275 /* Beeram_FormatNameTests */ = {
			isa = PBXNativeTarget;
			buildConfigurationList = 2A2C34BB27AC783C00E23275 /* Build configuration list for PBXNativeTarget "Beeram_FormatNameTests" */;
			buildPhases = (
				2A2C34A027AC783C00E23275 /* Sources */,
				2A2C34A127AC783C00E23275 /* Frameworks */,
				2A2C34A227AC783C00E23275 /* Resources */,
			);
			buildRules = (
			);
			dependencies = (
				2A2C34A627AC783C00E23275 /* PBXTargetDependency */,
			);
			name = Beeram_FormatNameTests;
			productName = Beeram_FormatNameTests;
			productReference = 2A2C34A427AC783C00E23275 /* Beeram_FormatNameTests.xctest */;
			productType = "com.apple.product-type.bundle.unit-test";
		};
		2A2C34AD27AC783C00E23275 /* Beeram_FormatNameUITests */ = {
			isa = PBXNativeTarget;
			buildConfigurationList = 2A2C34BE27AC783C00E23275 /* Build configuration list for PBXNativeTarget "Beeram_FormatNameUITests" */;
			buildPhases = (
				2A2C34AA27AC783C00E23275 /* Sources */,
				2A2C34AB27AC783C00E23275 /* Frameworks */,
				2A2C34AC27AC783C00E23275 /* Resources */,
			);
			buildRules = (
			);
			dependencies = (
				2A2C34B027AC783C00E23275 /* PBXTargetDependency */,
			);
			name = Beeram_FormatNameUITests;
			productName = Beeram_FormatNameUITests;
			productReference = 2A2C34AE27AC783C00E23275 /* Beeram_FormatNameUITests.xctest */;
			productType = "com.apple.product-type.bundle.ui-testing";
		};
/* End PBXNativeTarget section */

/* Begin PBXProject section */
		2A2C348627AC783A00E23275 /* Project object */ = {
			isa = PBXProject;
			attributes = {
				BuildIndependentTargetsInParallel = 1;
				LastSwiftUpdateCheck = 1320;
				LastUpgradeCheck = 1320;
				TargetAttributes = {
					2A2C348D27AC783A00E23275 = {
						CreatedOnToolsVersion = 13.2.1;
					};
					2A2C34A327AC783C00E23275 = {
						CreatedOnToolsVersion = 13.2.1;
						TestTargetID = 2A2C348D27AC783A00E23275;
					};
					2A2C34AD27AC783C00E23275 = {
						CreatedOnToolsVersion = 13.2.1;
						TestTargetID = 2A2C348D27AC783A00E23275;
					};
				};
			};
			buildConfigurationList = 2A2C348927AC783A00E23275 /* Build configuration list for PBXProject "Beeram_FormatName" */;
			compatibilityVersion = "Xcode 13.0";
			developmentRegion = en;
			hasScannedForEncodings = 0;
			knownRegions = (
				en,
				Base,
			);
			mainGroup = 2A2C348527AC783A00E23275;
			productRefGroup = 2A2C348F27AC783A00E23275 /* Products */;
			projectDirPath = "";
			projectRoot = "";
			targets = (
				2A2C348D27AC783A00E23275 /* Beeram_FormatName */,
				2A2C34A327AC783C00E23275 /* Beeram_FormatNameTests */,
				2A2C34AD27AC783C00E23275 /* Beeram_FormatNameUITests */,
			);
		};
/* End PBXProject section */

/* Begin PBXResourcesBuildPhase section */
		2A2C348C27AC783A00E23275 /* Resources */ = {
			isa = PBXResourcesBuildPhase;
			buildActionMask = 2147483647;
			files = (
				2A2C349E27AC783B00E23275 /* LaunchScreen.storyboard in Resources */,
				2A2C349B27AC783B00E23275 /* Assets.xcassets in Resources */,
				2A2C349927AC783A00E23275 /* Main.storyboard in Resources */,
			);
			runOnlyForDeploymentPostprocessing = 0;
		};
		2A2C34A227AC783C00E23275 /* Resources */ = {
			isa = PBXResourcesBuildPhase;
			buildActionMask = 2147483647;
			files = (
			);
			runOnlyForDeploymentPostprocessing = 0;
		};
		2A2C34AC27AC783C00E23275 /* Resources */ = {
			isa = PBXResourcesBuildPhase;
			buildActionMask = 2147483647;
			files = (
			);
			runOnlyForDeploymentPostprocessing = 0;
		};
/* End PBXResourcesBuildPhase section */

/* Begin PBXSourcesBuildPhase section */
		2A2C348A27AC783A00E23275 /* Sources */ = {
			isa = PBXSourcesBuildPhase;
			buildActionMask = 2147483647;
			files = (
				2A2C349627AC783A00E23275 /* ViewController.swift in Sources */,
				2A2C349227AC783A00E23275 /* AppDelegate.swift in Sources */,
				2A2C349427AC783A00E23275 /* SceneDelegate.swift in Sources */,
			);
			runOnlyForDeploymentPostprocessing = 0;
		};
		2A2C34A027AC783C00E23275 /* Sources */ = {
			isa = PBXSourcesBuildPhase;
			buildActionMask = 2147483647;
			files = (
				2A2C34A927AC783C00E23275 /* Beeram_FormatNameTests.swift in Sources */,
			);
			runOnlyForDeploymentPostprocessing = 0;
		};
		2A2C34AA27AC783C00E23275 /* Sources */ = {
			isa = PBXSourcesBuildPhase;
			buildActionMask = 2147483647;
			files = (
				2A2C34B527AC783C00E23275 /* Beeram_FormatNameUITestsLaunchTests.swift in Sources */,
				2A2C34B327AC783C00E23275 /* Beeram_FormatNameUITests.swift in Sources */,
			);
			runOnlyForDeploymentPostprocessing = 0;
		};
/* End PBXSourcesBuildPhase section */

/* Begin PBXTargetDependency section */
		2A2C34A627AC783C00E23275 /* PBXTargetDependency */ = {
			isa = PBXTargetDependency;
			target = 2A2C348D27AC783A00E23275 /* Beeram_FormatName */;
			targetProxy = 2A2C34A527AC783C00E23275 /* PBXContainerItemProxy */;
		};
		2A2C34B027AC783C00E23275 /* PBXTargetDependency */ = {
			isa = PBXTargetDependency;
			target = 2A2C348D27AC783A00E23275 /* Beeram_FormatName */;
			targetProxy = 2A2C34AF27AC783C00E23275 /* PBXContainerItemProxy */;
		};
/* End PBXTargetDependency section */

/* Begin PBXVariantGroup section */
		2A2C349727AC783A00E23275 /* Main.storyboard */ = {
			isa = PBXVariantGroup;
			children = (
				2A2C349827AC783A00E23275 /* Base */,
			);
			name = Main.storyboard;
			sourceTree = "<group>";
		};
		2A2C349C27AC783B00E23275 /* LaunchScreen.storyboard */ = {
			isa = PBXVariantGroup;
			children = (
				2A2C349D27AC783B00E23275 /* Base */,
			);
			name = LaunchScreen.storyboard;
			sourceTree = "<group>";
		};
/* End PBXVariantGroup section */

/* Begin XCBuildConfiguration section */
		2A2C34B627AC783C00E23275 /* Debug */ = {
			isa = XCBuildConfiguration;
			buildSettings = {
				ALWAYS_SEARCH_USER_PATHS = NO;
				CLANG_ANALYZER_NONNULL = YES;
				CLANG_ANALYZER_NUMBER_OBJECT_CONVERSION = YES_AGGRESSIVE;
				CLANG_CXX_LANGUAGE_STANDARD = "gnu++17";
				CLANG_CXX_LIBRARY = "libc++";
				CLANG_ENABLE_MODULES = YES;
				CLANG_ENABLE_OBJC_ARC = YES;
				CLANG_ENABLE_OBJC_WEAK = YES;
				CLANG_WARN_BLOCK_CAPTURE_AUTORELEASING = YES;
				CLANG_WARN_BOOL_CONVERSION = YES;
				CLANG_WARN_COMMA = YES;
				CLANG_WARN_CONSTANT_CONVERSION = YES;
				CLANG_WARN_DEPRECATED_OBJC_IMPLEMENTATIONS = YES;
				CLANG_WARN_DIRECT_OBJC_ISA_USAGE = YES_ERROR;
				CLANG_WARN_DOCUMENTATION_COMMENTS = YES;
				CLANG_WARN_EMPTY_BODY = YES;
				CLANG_WARN_ENUM_CONVERSION = YES;
				CLANG_WARN_INFINITE_RECURSION = YES;
				CLANG_WARN_INT_CONVERSION = YES;
				CLANG_WARN_NON_LITERAL_NULL_CONVERSION = YES;
				CLANG_WARN_OBJC_IMPLICIT_RETAIN_SELF = YES;
				CLANG_WARN_OBJC_LITERAL_CONVERSION = YES;
				CLANG_WARN_OBJC_ROOT_CLASS = YES_ERROR;
				CLANG_WARN_QUOTED_INCLUDE_IN_FRAMEWORK_HEADER = YES;
				CLANG_WARN_RANGE_LOOP_ANALYSIS = YES;
				CLANG_WARN_STRICT_PROTOTYPES = YES;
				CLANG_WARN_SUSPICIOUS_MOVE = YES;
				CLANG_WARN_UNGUARDED_AVAILABILITY = YES_AGGRESSIVE;
				CLANG_WARN_UNREACHABLE_CODE = YES;
				CLANG_WARN__DUPLICATE_METHOD_MATCH = YES;
				COPY_PHASE_STRIP = NO;
				DEBUG_INFORMATION_FORMAT = dwarf;
				ENABLE_STRICT_OBJC_MSGSEND = YES;
				ENABLE_TESTABILITY = YES;
				GCC_C_LANGUAGE_STANDARD = gnu11;
				GCC_DYNAMIC_NO_PIC = NO;
				GCC_NO_COMMON_BLOCKS = YES;
				GCC_OPTIMIZATION_LEVEL = 0;
				GCC_PREPROCESSOR_DEFINITIONS = (
					"DEBUG=1",
					"$(inherited)",
				);
				GCC_WARN_64_TO_32_BIT_CONVERSION = YES;
				GCC_WARN_ABOUT_RETURN_TYPE = YES_ERROR;
				GCC_WARN_UNDECLARED_SELECTOR = YES;
				GCC_WARN_UNINITIALIZED_AUTOS = YES_AGGRESSIVE;
				GCC_WARN_UNUSED_FUNCTION = YES;
				GCC_WARN_UNUSED_VARIABLE = YES;
				IPHONEOS_DEPLOYMENT_TARGET = 15.2;
				MTL_ENABLE_DEBUG_INFO = INCLUDE_SOURCE;
				MTL_FAST_MATH = YES;
				ONLY_ACTIVE_ARCH = YES;
				SDKROOT = iphoneos;
				SWIFT_ACTIVE_COMPILATION_CONDITIONS = DEBUG;
				SWIFT_OPTIMIZATION_LEVEL = "-Onone";
			};
			name = Debug;
		};
		2A2C34B727AC783C00E23275 /* Release */ = {
			isa = XCBuildConfiguration;
			buildSettings = {
				ALWAYS_SEARCH_USER_PATHS = NO;
				CLANG_ANALYZER_NONNULL = YES;
				CLANG_ANALYZER_NUMBER_OBJECT_CONVERSION = YES_AGGRESSIVE;
				CLANG_CXX_LANGUAGE_STANDARD = "gnu++17";
				CLANG_CXX_LIBRARY = "libc++";
				CLANG_ENABLE_MODULES = YES;
				CLANG_ENABLE_OBJC_ARC = YES;
				CLANG_ENABLE_OBJC_WEAK = YES;
				CLANG_WARN_BLOCK_CAPTURE_AUTORELEASING = YES;
				CLANG_WARN_BOOL_CONVERSION = YES;
				CLANG_WARN_COMMA = YES;
				CLANG_WARN_CONSTANT_CONVERSION = YES;
				CLANG_WARN_DEPRECATED_OBJC_IMPLEMENTATIONS = YES;
				CLANG_WARN_DIRECT_OBJC_ISA_USAGE = YES_ERROR;
				CLANG_WARN_DOCUMENTATION_COMMENTS = YES;
				CLANG_WARN_EMPTY_BODY = YES;
				CLANG_WARN_ENUM_CONVERSION = YES;
				CLANG_WARN_INFINITE_RECURSION = YES;
				CLANG_WARN_INT_CONVERSION = YES;
				CLANG_WARN_NON_LITERAL_NULL_CONVERSION = YES;
				CLANG_WARN_OBJC_IMPLICIT_RETAIN_SELF = YES;
				CLANG_WARN_OBJC_LITERAL_CONVERSION = YES;
				CLANG_WARN_OBJC_ROOT_CLASS = YES_ERROR;
				CLANG_WARN_QUOTED_INCLUDE_IN_FRAMEWORK_HEADER = YES;
				CLANG_WARN_RANGE_LOOP_ANALYSIS = YES;
				CLANG_WARN_STRICT_PROTOTYPES = YES;
				CLANG_WARN_SUSPICIOUS_MOVE = YES;
				CLANG_WARN_UNGUARDED_AVAILABILITY = YES_AGGRESSIVE;
				CLANG_WARN_UNREACHABLE_CODE = YES;
				CLANG_WARN__DUPLICATE_METHOD_MATCH = YES;
				COPY_PHASE_STRIP = NO;
				DEBUG_INFORMATION_FORMAT = "dwarf-with-dsym";
				ENABLE_NS_ASSERTIONS = NO;
				ENABLE_STRICT_OBJC_MSGSEND = YES;
				GCC_C_LANGUAGE_STANDARD = gnu11;
				GCC_NO_COMMON_BLOCKS = YES;
				GCC_WARN_64_TO_32_BIT_CONVERSION = YES;
				GCC_WARN_ABOUT_RETURN_TYPE = YES_ERROR;
				GCC_WARN_UNDECLARED_SELECTOR = YES;
				GCC_WARN_UNINITIALIZED_AUTOS = YES_AGGRESSIVE;
				GCC_WARN_UNUSED_FUNCTION = YES;
				GCC_WARN_UNUSED_VARIABLE = YES;
				IPHONEOS_DEPLOYMENT_TARGET = 15.2;
				MTL_ENABLE_DEBUG_INFO = NO;
				MTL_FAST_MATH = YES;
				SDKROOT = iphoneos;
				SWIFT_COMPILATION_MODE = wholemodule;
				SWIFT_OPTIMIZATION_LEVEL = "-O";
				VALIDATE_PRODUCT = YES;
			};
			name = Release;
		};
		2A2C34B927AC783C00E23275 /* Debug */ = {
			isa = XCBuildConfiguration;
			buildSettings = {
				ASSETCATALOG_COMPILER_APPICON_NAME = AppIcon;
				ASSETCATALOG_COMPILER_GLOBAL_ACCENT_COLOR_NAME = AccentColor;
				CODE_SIGN_STYLE = Automatic;
				CURRENT_PROJECT_VERSION = 1;
				GENERATE_INFOPLIST_FILE = YES;
				INFOPLIST_FILE = Beeram_FormatName/Info.plist;
				INFOPLIST_KEY_CFBundleDisplayName = Beeram_FormatName;
				INFOPLIST_KEY_UIApplicationSupportsIndirectInputEvents = YES;
				INFOPLIST_KEY_UILaunchStoryboardName = LaunchScreen;
				INFOPLIST_KEY_UIMainStoryboardFile = Main;
				INFOPLIST_KEY_UISupportedInterfaceOrientations_iPad = "UIInterfaceOrientationPortrait UIInterfaceOrientationPortraitUpsideDown UIInterfaceOrientationLandscapeLeft UIInterfaceOrientationLandscapeRight";
				INFOPLIST_KEY_UISupportedInterfaceOrientations_iPhone = "UIInterfaceOrientationPortrait UIInterfaceOrientationLandscapeLeft UIInterfaceOrientationLandscapeRight";
				LD_RUNPATH_SEARCH_PATHS = (
					"$(inherited)",
					"@executable_path/Frameworks",
				);
				MARKETING_VERSION = 1.0;
				PRODUCT_BUNDLE_IDENTIFIER = "nwmsu.Beeram-FormatName";
				PRODUCT_NAME = "$(TARGET_NAME)";
				SWIFT_EMIT_LOC_STRINGS = YES;
				SWIFT_VERSION = 5.0;
				TARGETED_DEVICE_FAMILY = "1,2";
			};
			name = Debug;
		};
		2A2C34BA27AC783C00E23275 /* Release */ = {
			isa = XCBuildConfiguration;
			buildSettings = {
				ASSETCATALOG_COMPILER_APPICON_NAME = AppIcon;
				ASSETCATALOG_COMPILER_GLOBAL_ACCENT_COLOR_NAME = AccentColor;
				CODE_SIGN_STYLE = Automatic;
				CURRENT_PROJECT_VERSION = 1;
				GENERATE_INFOPLIST_FILE = YES;
				INFOPLIST_FILE = Beeram_FormatName/Info.plist;
				INFOPLIST_KEY_CFBundleDisplayName = Beeram_FormatName;
				INFOPLIST_KEY_UIApplicationSupportsIndirectInputEvents = YES;
				INFOPLIST_KEY_UILaunchStoryboardName = LaunchScreen;
				INFOPLIST_KEY_UIMainStoryboardFile = Main;
				INFOPLIST_KEY_UISupportedInterfaceOrientations_iPad = "UIInterfaceOrientationPortrait UIInterfaceOrientationPortraitUpsideDown UIInterfaceOrientationLandscapeLeft UIInterfaceOrientationLandscapeRight";
				INFOPLIST_KEY_UISupportedInterfaceOrientations_iPhone = "UIInterfaceOrientationPortrait UIInterfaceOrientationLandscapeLeft UIInterfaceOrientationLandscapeRight";
				LD_RUNPATH_SEARCH_PATHS = (
					"$(inherited)",
					"@executable_path/Frameworks",
				);
				MARKETING_VERSION = 1.0;
				PRODUCT_BUNDLE_IDENTIFIER = "nwmsu.Beeram-FormatName";
				PRODUCT_NAME = "$(TARGET_NAME)";
				SWIFT_EMIT_LOC_STRINGS = YES;
				SWIFT_VERSION = 5.0;
				TARGETED_DEVICE_FAMILY = "1,2";
			};
			name = Release;
		};
		2A2C34BC27AC783C00E23275 /* Debug */ = {
			isa = XCBuildConfiguration;
			buildSettings = {
				ALWAYS_EMBED_SWIFT_STANDARD_LIBRARIES = YES;
				BUNDLE_LOADER = "$(TEST_HOST)";
				CODE_SIGN_STYLE = Automatic;
				CURRENT_PROJECT_VERSION = 1;
				GENERATE_INFOPLIST_FILE = YES;
				IPHONEOS_DEPLOYMENT_TARGET = 15.2;
				MARKETING_VERSION = 1.0;
				PRODUCT_BUNDLE_IDENTIFIER = "nwmsu.Beeram-FormatNameTests";
				PRODUCT_NAME = "$(TARGET_NAME)";
				SWIFT_EMIT_LOC_STRINGS = NO;
				SWIFT_VERSION = 5.0;
				TARGETED_DEVICE_FAMILY = "1,2";
				TEST_HOST = "$(BUILT_PRODUCTS_DIR)/Beeram_FormatName.app/Beeram_FormatName";
			};
			name = Debug;
		};
		2A2C34BD27AC783C00E23275 /* Release */ = {
			isa = XCBuildConfiguration;
			buildSettings = {
				ALWAYS_EMBED_SWIFT_STANDARD_LIBRARIES = YES;
				BUNDLE_LOADER = "$(TEST_HOST)";
				CODE_SIGN_STYLE = Automatic;
				CURRENT_PROJECT_VERSION = 1;
				GENERATE_INFOPLIST_FILE = YES;
				IPHONEOS_DEPLOYMENT_TARGET = 15.2;
				MARKETING_VERSION = 1.0;
				PRODUCT_BUNDLE_IDENTIFIER = "nwmsu.Beeram-FormatNameTests";
				PRODUCT_NAME = "$(TARGET_NAME)";
				SWIFT_EMIT_LOC_STRINGS = NO;
				SWIFT_VERSION = 5.0;
				TARGETED_DEVICE_FAMILY = "1,2";
				TEST_HOST = "$(BUILT_PRODUCTS_DIR)/Beeram_FormatName.app/Beeram_FormatName";
			};
			name = Release;
		};
		2A2C34BF27AC783C00E23275 /* Debug */ = {
			isa = XCBuildConfiguration;
			buildSettings = {
				ALWAYS_EMBED_SWIFT_STANDARD_LIBRARIES = YES;
				CODE_SIGN_STYLE = Automatic;
				CURRENT_PROJECT_VERSION = 1;
				GENERATE_INFOPLIST_FILE = YES;
				MARKETING_VERSION = 1.0;
				PRODUCT_BUNDLE_IDENTIFIER = "nwmsu.Beeram-FormatNameUITests";
				PRODUCT_NAME = "$(TARGET_NAME)";
				SWIFT_EMIT_LOC_STRINGS = NO;
				SWIFT_VERSION = 5.0;
				TARGETED_DEVICE_FAMILY = "1,2";
				TEST_TARGET_NAME = Beeram_FormatName;
			};
			name = Debug;
		};
		2A2C34C027AC783C00E23275 /* Release */ = {
			isa = XCBuildConfiguration;
			buildSettings = {
				ALWAYS_EMBED_SWIFT_STANDARD_LIBRARIES = YES;
				CODE_SIGN_STYLE = Automatic;
				CURRENT_PROJECT_VERSION = 1;
				GENERATE_INFOPLIST_FILE = YES;
				MARKETING_VERSION = 1.0;
				PRODUCT_BUNDLE_IDENTIFIER = "nwmsu.Beeram-FormatNameUITests";
				PRODUCT_NAME = "$(TARGET_NAME)";
				SWIFT_EMIT_LOC_STRINGS = NO;
				SWIFT_VERSION = 5.0;
				TARGETED_DEVICE_FAMILY = "1,2";
				TEST_TARGET_NAME = Beeram_FormatName;
			};
			name = Release;
		};
/* End XCBuildConfiguration section */

/* Begin XCConfigurationList section */
		2A2C348927AC783A00E23275 /* Build configuration list for PBXProject "Beeram_FormatName" */ = {
			isa = XCConfigurationList;
			buildConfigurations = (
				2A2C34B627AC783C00E23275 /* Debug */,
				2A2C34B727AC783C00E23275 /* Release */,
			);
			defaultConfigurationIsVisible = 0;
			defaultConfigurationName = Release;
		};
		2A2C34B827AC783C00E23275 /* Build configuration list for PBXNativeTarget "Beeram_FormatName" */ = {
			isa = XCConfigurationList;
			buildConfigurations = (
				2A2C34B927AC783C00E23275 /* Debug */,
				2A2C34BA27AC783C00E23275 /* Release */,
			);
			defaultConfigurationIsVisible = 0;
			defaultConfigurationName = Release;
		};
		2A2C34BB27AC783C00E23275 /* Build configuration list for PBXNativeTarget "Beeram_FormatNameTests" */ = {
			isa = XCConfigurationList;
			buildConfigurations = (
				2A2C34BC27AC783C00E23275 /* Debug */,
				2A2C34BD27AC783C00E23275 /* Release */,
			);
			defaultConfigurationIsVisible = 0;
			defaultConfigurationName = Release;
		};
		2A2C34BE27AC783C00E23275 /* Build configuration list for PBXNativeTarget "Beeram_FormatNameUITests" */ = {
			isa = XCConfigurationList;
			buildConfigurations = (
				2A2C34BF27AC783C00E23275 /* Debug */,
				2A2C34C027AC783C00E23275 /* Release */,
			);
			defaultConfigurationIsVisible = 0;
			defaultConfigurationName = Release;
		};
/* End XCConfigurationList section */
	};
	rootObject = 2A2C348627AC783A00E23275 /* Project object */;
}
